<?xml version="1.0" encoding="utf-8"?>
<Project ToolsVersion="4.0" xmlns="http://schemas.microsoft.com/developer/msbuild/2003">
  <ItemGroup>
    <ClInclude Include="ClientServiceBase.hpp" />
    <ClInclude Include="Session.hpp" />
    <ClInclude Include="Include.hpp" />
    <ClInclude Include="Message.hpp" />
    <ClInclude Include="ServerServiceBase.hpp" />
    <ClInclude Include="ServiceBase.hpp" />
    <ClInclude Include="Sender.hpp" />
    <ClInclude Include="Types.hpp" />
    <ClInclude Include="Receiver.hpp" />
    <ClInclude Include="SenderManager.hpp" />
    <ClInclude Include="SessionManager.hpp" />
  </ItemGroup>
</Project>