<?xml version="1.0" encoding="utf-8"?>
<Project ToolsVersion="4.0" xmlns="http://schemas.microsoft.com/developer/msbuild/2003">
  <ItemGroup>
    <ClCompile Include="Main.cpp" />
    <ClCompile Include="Pch.cpp" />
  </ItemGroup>
  <ItemGroup>
    <ClInclude Include="Pch.hpp" />
    <ClInclude Include="..\PattyNet\PattyNet\ClientServiceBase.hpp">
      <Filter>PattyNet</Filter>
    </ClInclude>
    <ClInclude Include="..\PattyNet\PattyNet\Include.hpp">
      <Filter>PattyNet</Filter>
    </ClInclude>
    <ClInclude Include="..\PattyNet\PattyNet\Message.hpp">
      <Filter>PattyNet</Filter>
    </ClInclude>
    <ClInclude Include="..\PattyNet\PattyNet\ServerServiceBase.hpp">
      <Filter>PattyNet</Filter>
    </ClInclude>
    <ClInclude Include="..\PattyNet\PattyNet\ServiceBase.hpp">
      <Filter>PattyNet</Filter>
    </ClInclude>
    <ClInclude Include="..\PattyNet\PattyNet\Session.hpp">
      <Filter>PattyNet</Filter>
    </ClInclude>
    <ClInclude Include="Service.hpp" />
    <ClInclude Include="MessageId.hpp" />
    <ClInclude Include="..\PattyNet\PattyNet\Types.hpp">
      <Filter>PattyNet</Filter>
    </ClInclude>
    <ClInclude Include="Types.hpp" />
    <ClInclude Include="Include.hpp" />
  </ItemGroup>
  <ItemGroup>
    <Filter Include="PattyNet">
      <UniqueIdentifier>{05e32bf8-2dbb-4756-90ef-00f62fcfde78}</UniqueIdentifier>
    </Filter>
  </ItemGroup>
</Project>